
Microsoft Visual Studio Solution File, Format Version 12.00
# Visual Studio Version 17
VisualStudioVersion = 17.4.33205.214
MinimumVisualStudioVersion = 10.0.40219.1
Project("{9A19103F-16F7-4668-BE54-9A1E7A4F7556}") = "Sklep.WebApp", "Sklep.WebApp\Sklep.WebApp.csproj", "{F67F619B-E7C1-4647-BF4F-0F2CEB7EF0D9}"
	ProjectSection(ProjectDependencies) = postProject
		{48800A4C-9F16-491E-B47A-7C8A7358F4FF} = {48800A4C-9F16-491E-B47A-7C8A7358F4FF}
	EndProjectSection
EndProject
Project("{9A19103F-16F7-4668-BE54-9A1E7A4F7556}") = "Sklep.Intranet", "Sklep.Intranet\Sklep.Intranet.csproj", "{3EF76D06-A9FE-4640-ABD9-71F025465551}"
	ProjectSection(ProjectDependencies) = postProject
		{48800A4C-9F16-491E-B47A-7C8A7358F4FF} = {48800A4C-9F16-491E-B47A-7C8A7358F4FF}
	EndProjectSection
EndProject
Project("{9A19103F-16F7-4668-BE54-9A1E7A4F7556}") = "Sklep.Data", "Sklep.Data\Sklep.Data.csproj", "{48800A4C-9F16-491E-B47A-7C8A7358F4FF}"
EndProject
Project("{9A19103F-16F7-4668-BE54-9A1E7A4F7556}") = "Sklep.API", "Sklep.API\Sklep.API.csproj", "{14BEC536-691A-4267-AE3A-C32DB37A3B90}"
	ProjectSection(ProjectDependencies) = postProject
		{48800A4C-9F16-491E-B47A-7C8A7358F4FF} = {48800A4C-9F16-491E-B47A-7C8A7358F4FF}
	EndProjectSection
EndProject
Project("{FAE04EC0-301F-11D3-BF4B-00C04F79EFBC}") = "Sklep.Mobile.UWP", "Sklep.Mobile\Sklep.Mobile.UWP\Sklep.Mobile.UWP.csproj", "{400557C3-0422-40B2-9162-1DBFAEAB784C}"
EndProject
Project("{FAE04EC0-301F-11D3-BF4B-00C04F79EFBC}") = "Sklep.Mobile.Android", "Sklep.Mobile\Sklep.Mobile.Android\Sklep.Mobile.Android.csproj", "{3A860BAF-941D-4A4D-A83F-935FE51F4FA0}"
EndProject
Project("{FAE04EC0-301F-11D3-BF4B-00C04F79EFBC}") = "Sklep.Mobile.iOS", "Sklep.Mobile\Sklep.Mobile.iOS\Sklep.Mobile.iOS.csproj", "{4C508A4D-5B13-4D0C-A3A7-E169E9C9296C}"
EndProject
Project("{9A19103F-16F7-4668-BE54-9A1E7A4F7556}") = "Sklep.Mobile", "Sklep.Mobile\Sklep.Mobile\Sklep.Mobile.csproj", "{00E2E204-0A70-4496-A537-FB0D537CADF9}"
	ProjectSection(ProjectDependencies) = postProject
		{45B5CB7F-724C-48F7-B8D5-4AFD0D2E16AC} = {45B5CB7F-724C-48F7-B8D5-4AFD0D2E16AC}
	EndProjectSection
EndProject
Project("{FAE04EC0-301F-11D3-BF4B-00C04F79EFBC}") = "Sklep.Utils", "Sklep.Utils\Sklep.Utils.csproj", "{45B5CB7F-724C-48F7-B8D5-4AFD0D2E16AC}"
EndProject
Global
	GlobalSection(SolutionConfigurationPlatforms) = preSolution
		Debug|Any CPU = Debug|Any CPU
		Debug|ARM = Debug|ARM
		Debug|iPhone = Debug|iPhone
		Debug|iPhoneSimulator = Debug|iPhoneSimulator
		Debug|x64 = Debug|x64
		Debug|x86 = Debug|x86
		Release|Any CPU = Release|Any CPU
		Release|ARM = Release|ARM
		Release|iPhone = Release|iPhone
		Release|iPhoneSimulator = Release|iPhoneSimulator
		Release|x64 = Release|x64
		Release|x86 = Release|x86
	EndGlobalSection
	GlobalSection(ProjectConfigurationPlatforms) = postSolution
		{F67F619B-E7C1-4647-BF4F-0F2CEB7EF0D9}.Debug|Any CPU.ActiveCfg = Debug|Any CPU
		{F67F619B-E7C1-4647-BF4F-0F2CEB7EF0D9}.Debug|Any CPU.Build.0 = Debug|Any CPU
		{F67F619B-E7C1-4647-BF4F-0F2CEB7EF0D9}.Debug|ARM.ActiveCfg = Debug|Any CPU
		{F67F619B-E7C1-4647-BF4F-0F2CEB7EF0D9}.Debug|ARM.Build.0 = Debug|Any CPU
		{F67F619B-E7C1-4647-BF4F-0F2CEB7EF0D9}.Debug|iPhone.ActiveCfg = Debug|Any CPU
		{F67F619B-E7C1-4647-BF4F-0F2CEB7EF0D9}.Debug|iPhone.Build.0 = Debug|Any CPU
		{F67F619B-E7C1-4647-BF4F-0F2CEB7EF0D9}.Debug|iPhoneSimulator.ActiveCfg = Debug|Any CPU
		{F67F619B-E7C1-4647-BF4F-0F2CEB7EF0D9}.Debug|iPhoneSimulator.Build.0 = Debug|Any CPU
		{F67F619B-E7C1-4647-BF4F-0F2CEB7EF0D9}.Debug|x64.ActiveCfg = Debug|Any CPU
		{F67F619B-E7C1-4647-BF4F-0F2CEB7EF0D9}.Debug|x64.Build.0 = Debug|Any CPU
		{F67F619B-E7C1-4647-BF4F-0F2CEB7EF0D9}.Debug|x86.ActiveCfg = Debug|Any CPU
		{F67F619B-E7C1-4647-BF4F-0F2CEB7EF0D9}.Debug|x86.Build.0 = Debug|Any CPU
		{F67F619B-E7C1-4647-BF4F-0F2CEB7EF0D9}.Release|Any CPU.ActiveCfg = Release|Any CPU
		{F67F619B-E7C1-4647-BF4F-0F2CEB7EF0D9}.Release|Any CPU.Build.0 = Release|Any CPU
		{F67F619B-E7C1-4647-BF4F-0F2CEB7EF0D9}.Release|ARM.ActiveCfg = Release|Any CPU
		{F67F619B-E7C1-4647-BF4F-0F2CEB7EF0D9}.Release|ARM.Build.0 = Release|Any CPU
		{F67F619B-E7C1-4647-BF4F-0F2CEB7EF0D9}.Release|iPhone.ActiveCfg = Release|Any CPU
		{F67F619B-E7C1-4647-BF4F-0F2CEB7EF0D9}.Release|iPhone.Build.0 = Release|Any CPU
		{F67F619B-E7C1-4647-BF4F-0F2CEB7EF0D9}.Release|iPhoneSimulator.ActiveCfg = Release|Any CPU
		{F67F619B-E7C1-4647-BF4F-0F2CEB7EF0D9}.Release|iPhoneSimulator.Build.0 = Release|Any CPU
		{F67F619B-E7C1-4647-BF4F-0F2CEB7EF0D9}.Release|x64.ActiveCfg = Release|Any CPU
		{F67F619B-E7C1-4647-BF4F-0F2CEB7EF0D9}.Release|x64.Build.0 = Release|Any CPU
		{F67F619B-E7C1-4647-BF4F-0F2CEB7EF0D9}.Release|x86.ActiveCfg = Release|Any CPU
		{F67F619B-E7C1-4647-BF4F-0F2CEB7EF0D9}.Release|x86.Build.0 = Release|Any CPU
		{3EF76D06-A9FE-4640-ABD9-71F025465551}.Debug|Any CPU.ActiveCfg = Debug|Any CPU
		{3EF76D06-A9FE-4640-ABD9-71F025465551}.Debug|Any CPU.Build.0 = Debug|Any CPU
		{3EF76D06-A9FE-4640-ABD9-71F025465551}.Debug|ARM.ActiveCfg = Debug|Any CPU
		{3EF76D06-A9FE-4640-ABD9-71F025465551}.Debug|ARM.Build.0 = Debug|Any CPU
		{3EF76D06-A9FE-4640-ABD9-71F025465551}.Debug|iPhone.ActiveCfg = Debug|Any CPU
		{3EF76D06-A9FE-4640-ABD9-71F025465551}.Debug|iPhone.Build.0 = Debug|Any CPU
		{3EF76D06-A9FE-4640-ABD9-71F025465551}.Debug|iPhoneSimulator.ActiveCfg = Debug|Any CPU
		{3EF76D06-A9FE-4640-ABD9-71F025465551}.Debug|iPhoneSimulator.Build.0 = Debug|Any CPU
		{3EF76D06-A9FE-4640-ABD9-71F025465551}.Debug|x64.ActiveCfg = Debug|Any CPU
		{3EF76D06-A9FE-4640-ABD9-71F025465551}.Debug|x64.Build.0 = Debug|Any CPU
		{3EF76D06-A9FE-4640-ABD9-71F025465551}.Debug|x86.ActiveCfg = Debug|Any CPU
		{3EF76D06-A9FE-4640-ABD9-71F025465551}.Debug|x86.Build.0 = Debug|Any CPU
		{3EF76D06-A9FE-4640-ABD9-71F025465551}.Release|Any CPU.ActiveCfg = Release|Any CPU
		{3EF76D06-A9FE-4640-ABD9-71F025465551}.Release|Any CPU.Build.0 = Release|Any CPU
		{3EF76D06-A9FE-4640-ABD9-71F025465551}.Release|ARM.ActiveCfg = Release|Any CPU
		{3EF76D06-A9FE-4640-ABD9-71F025465551}.Release|ARM.Build.0 = Release|Any CPU
		{3EF76D06-A9FE-4640-ABD9-71F025465551}.Release|iPhone.ActiveCfg = Release|Any CPU
		{3EF76D06-A9FE-4640-ABD9-71F025465551}.Release|iPhone.Build.0 = Release|Any CPU
		{3EF76D06-A9FE-4640-ABD9-71F025465551}.Release|iPhoneSimulator.ActiveCfg = Release|Any CPU
		{3EF76D06-A9FE-4640-ABD9-71F025465551}.Release|iPhoneSimulator.Build.0 = Release|Any CPU
		{3EF76D06-A9FE-4640-ABD9-71F025465551}.Release|x64.ActiveCfg = Release|Any CPU
		{3EF76D06-A9FE-4640-ABD9-71F025465551}.Release|x64.Build.0 = Release|Any CPU
		{3EF76D06-A9FE-4640-ABD9-71F025465551}.Release|x86.ActiveCfg = Release|Any CPU
		{3EF76D06-A9FE-4640-ABD9-71F025465551}.Release|x86.Build.0 = Release|Any CPU
		{48800A4C-9F16-491E-B47A-7C8A7358F4FF}.Debug|Any CPU.ActiveCfg = Debug|Any CPU
		{48800A4C-9F16-491E-B47A-7C8A7358F4FF}.Debug|Any CPU.Build.0 = Debug|Any CPU
		{48800A4C-9F16-491E-B47A-7C8A7358F4FF}.Debug|ARM.ActiveCfg = Debug|Any CPU
		{48800A4C-9F16-491E-B47A-7C8A7358F4FF}.Debug|ARM.Build.0 = Debug|Any CPU
		{48800A4C-9F16-491E-B47A-7C8A7358F4FF}.Debug|iPhone.ActiveCfg = Debug|Any CPU
		{48800A4C-9F16-491E-B47A-7C8A7358F4FF}.Debug|iPhone.Build.0 = Debug|Any CPU
		{48800A4C-9F16-491E-B47A-7C8A7358F4FF}.Debug|iPhoneSimulator.ActiveCfg = Debug|Any CPU
		{48800A4C-9F16-491E-B47A-7C8A7358F4FF}.Debug|iPhoneSimulator.Build.0 = Debug|Any CPU
		{48800A4C-9F16-491E-B47A-7C8A7358F4FF}.Debug|x64.ActiveCfg = Debug|Any CPU
		{48800A4C-9F16-491E-B47A-7C8A7358F4FF}.Debug|x64.Build.0 = Debug|Any CPU
		{48800A4C-9F16-491E-B47A-7C8A7358F4FF}.Debug|x86.ActiveCfg = Debug|Any CPU
		{48800A4C-9F16-491E-B47A-7C8A7358F4FF}.Debug|x86.Build.0 = Debug|Any CPU
		{48800A4C-9F16-491E-B47A-7C8A7358F4FF}.Release|Any CPU.ActiveCfg = Release|Any CPU
		{48800A4C-9F16-491E-B47A-7C8A7358F4FF}.Release|Any CPU.Build.0 = Release|Any CPU
		{48800A4C-9F16-491E-B47A-7C8A7358F4FF}.Release|ARM.ActiveCfg = Release|Any CPU
		{48800A4C-9F16-491E-B47A-7C8A7358F4FF}.Release|ARM.Build.0 = Release|Any CPU
		{48800A4C-9F16-491E-B47A-7C8A7358F4FF}.Release|iPhone.ActiveCfg = Release|Any CPU
		{48800A4C-9F16-491E-B47A-7C8A7358F4FF}.Release|iPhone.Build.0 = Release|Any CPU
		{48800A4C-9F16-491E-B47A-7C8A7358F4FF}.Release|iPhoneSimulator.ActiveCfg = Release|Any CPU
		{48800A4C-9F16-491E-B47A-7C8A7358F4FF}.Release|iPhoneSimulator.Build.0 = Release|Any CPU
		{48800A4C-9F16-491E-B47A-7C8A7358F4FF}.Release|x64.ActiveCfg = Release|Any CPU
		{48800A4C-9F16-491E-B47A-7C8A7358F4FF}.Release|x64.Build.0 = Release|Any CPU
		{48800A4C-9F16-491E-B47A-7C8A7358F4FF}.Release|x86.ActiveCfg = Release|Any CPU
		{48800A4C-9F16-491E-B47A-7C8A7358F4FF}.Release|x86.Build.0 = Release|Any CPU
		{14BEC536-691A-4267-AE3A-C32DB37A3B90}.Debug|Any CPU.ActiveCfg = Debug|Any CPU
		{14BEC536-691A-4267-AE3A-C32DB37A3B90}.Debug|Any CPU.Build.0 = Debug|Any CPU
		{14BEC536-691A-4267-AE3A-C32DB37A3B90}.Debug|ARM.ActiveCfg = Debug|Any CPU
		{14BEC536-691A-4267-AE3A-C32DB37A3B90}.Debug|ARM.Build.0 = Debug|Any CPU
		{14BEC536-691A-4267-AE3A-C32DB37A3B90}.Debug|iPhone.ActiveCfg = Debug|Any CPU
		{14BEC536-691A-4267-AE3A-C32DB37A3B90}.Debug|iPhone.Build.0 = Debug|Any CPU
		{14BEC536-691A-4267-AE3A-C32DB37A3B90}.Debug|iPhoneSimulator.ActiveCfg = Debug|Any CPU
		{14BEC536-691A-4267-AE3A-C32DB37A3B90}.Debug|iPhoneSimulator.Build.0 = Debug|Any CPU
		{14BEC536-691A-4267-AE3A-C32DB37A3B90}.Debug|x64.ActiveCfg = Debug|Any CPU
		{14BEC536-691A-4267-AE3A-C32DB37A3B90}.Debug|x64.Build.0 = Debug|Any CPU
		{14BEC536-691A-4267-AE3A-C32DB37A3B90}.Debug|x86.ActiveCfg = Debug|Any CPU
		{14BEC536-691A-4267-AE3A-C32DB37A3B90}.Debug|x86.Build.0 = Debug|Any CPU
		{14BEC536-691A-4267-AE3A-C32DB37A3B90}.Release|Any CPU.ActiveCfg = Release|Any CPU
		{14BEC536-691A-4267-AE3A-C32DB37A3B90}.Release|Any CPU.Build.0 = Release|Any CPU
		{14BEC536-691A-4267-AE3A-C32DB37A3B90}.Release|ARM.ActiveCfg = Release|Any CPU
		{14BEC536-691A-4267-AE3A-C32DB37A3B90}.Release|ARM.Build.0 = Release|Any CPU
		{14BEC536-691A-4267-AE3A-C32DB37A3B90}.Release|iPhone.ActiveCfg = Release|Any CPU
		{14BEC536-691A-4267-AE3A-C32DB37A3B90}.Release|iPhone.Build.0 = Release|Any CPU
		{14BEC536-691A-4267-AE3A-C32DB37A3B90}.Release|iPhoneSimulator.ActiveCfg = Release|Any CPU
		{14BEC536-691A-4267-AE3A-C32DB37A3B90}.Release|iPhoneSimulator.Build.0 = Release|Any CPU
		{14BEC536-691A-4267-AE3A-C32DB37A3B90}.Release|x64.ActiveCfg = Release|Any CPU
		{14BEC536-691A-4267-AE3A-C32DB37A3B90}.Release|x64.Build.0 = Release|Any CPU
		{14BEC536-691A-4267-AE3A-C32DB37A3B90}.Release|x86.ActiveCfg = Release|Any CPU
		{14BEC536-691A-4267-AE3A-C32DB37A3B90}.Release|x86.Build.0 = Release|Any CPU
		{400557C3-0422-40B2-9162-1DBFAEAB784C}.Debug|Any CPU.ActiveCfg = Debug|x64
		{400557C3-0422-40B2-9162-1DBFAEAB784C}.Debug|Any CPU.Build.0 = Debug|x64
		{400557C3-0422-40B2-9162-1DBFAEAB784C}.Debug|Any CPU.Deploy.0 = Debug|x64
		{400557C3-0422-40B2-9162-1DBFAEAB784C}.Debug|ARM.ActiveCfg = Debug|ARM
		{400557C3-0422-40B2-9162-1DBFAEAB784C}.Debug|ARM.Build.0 = Debug|ARM
		{400557C3-0422-40B2-9162-1DBFAEAB784C}.Debug|ARM.Deploy.0 = Debug|ARM
		{400557C3-0422-40B2-9162-1DBFAEAB784C}.Debug|iPhone.ActiveCfg = Debug|x64
		{400557C3-0422-40B2-9162-1DBFAEAB784C}.Debug|iPhone.Build.0 = Debug|x64
		{400557C3-0422-40B2-9162-1DBFAEAB784C}.Debug|iPhone.Deploy.0 = Debug|x64
		{400557C3-0422-40B2-9162-1DBFAEAB784C}.Debug|iPhoneSimulator.ActiveCfg = Debug|x64
		{400557C3-0422-40B2-9162-1DBFAEAB784C}.Debug|iPhoneSimulator.Build.0 = Debug|x64
		{400557C3-0422-40B2-9162-1DBFAEAB784C}.Debug|iPhoneSimulator.Deploy.0 = Debug|x64
		{400557C3-0422-40B2-9162-1DBFAEAB784C}.Debug|x64.ActiveCfg = Debug|x64
		{400557C3-0422-40B2-9162-1DBFAEAB784C}.Debug|x64.Build.0 = Debug|x64
		{400557C3-0422-40B2-9162-1DBFAEAB784C}.Debug|x64.Deploy.0 = Debug|x64
		{400557C3-0422-40B2-9162-1DBFAEAB784C}.Debug|x86.ActiveCfg = Debug|x86
		{400557C3-0422-40B2-9162-1DBFAEAB784C}.Debug|x86.Build.0 = Debug|x86
		{400557C3-0422-40B2-9162-1DBFAEAB784C}.Debug|x86.Deploy.0 = Debug|x86
		{400557C3-0422-40B2-9162-1DBFAEAB784C}.Release|Any CPU.ActiveCfg = Release|x64
		{400557C3-0422-40B2-9162-1DBFAEAB784C}.Release|Any CPU.Build.0 = Release|x64
		{400557C3-0422-40B2-9162-1DBFAEAB784C}.Release|Any CPU.Deploy.0 = Release|x64
		{400557C3-0422-40B2-9162-1DBFAEAB784C}.Release|ARM.ActiveCfg = Release|ARM
		{400557C3-0422-40B2-9162-1DBFAEAB784C}.Release|ARM.Build.0 = Release|ARM
		{400557C3-0422-40B2-9162-1DBFAEAB784C}.Release|ARM.Deploy.0 = Release|ARM
		{400557C3-0422-40B2-9162-1DBFAEAB784C}.Release|iPhone.ActiveCfg = Release|x64
		{400557C3-0422-40B2-9162-1DBFAEAB784C}.Release|iPhone.Build.0 = Release|x64
		{400557C3-0422-40B2-9162-1DBFAEAB784C}.Release|iPhone.Deploy.0 = Release|x64
		{400557C3-0422-40B2-9162-1DBFAEAB784C}.Release|iPhoneSimulator.ActiveCfg = Release|x64
		{400557C3-0422-40B2-9162-1DBFAEAB784C}.Release|iPhoneSimulator.Build.0 = Release|x64
		{400557C3-0422-40B2-9162-1DBFAEAB784C}.Release|iPhoneSimulator.Deploy.0 = Release|x64
		{400557C3-0422-40B2-9162-1DBFAEAB784C}.Release|x64.ActiveCfg = Release|x64
		{400557C3-0422-40B2-9162-1DBFAEAB784C}.Release|x64.Build.0 = Release|x64
		{400557C3-0422-40B2-9162-1DBFAEAB784C}.Release|x64.Deploy.0 = Release|x64
		{400557C3-0422-40B2-9162-1DBFAEAB784C}.Release|x86.ActiveCfg = Release|x86
		{400557C3-0422-40B2-9162-1DBFAEAB784C}.Release|x86.Build.0 = Release|x86
		{400557C3-0422-40B2-9162-1DBFAEAB784C}.Release|x86.Deploy.0 = Release|x86
		{3A860BAF-941D-4A4D-A83F-935FE51F4FA0}.Debug|Any CPU.ActiveCfg = Debug|Any CPU
		{3A860BAF-941D-4A4D-A83F-935FE51F4FA0}.Debug|Any CPU.Build.0 = Debug|Any CPU
		{3A860BAF-941D-4A4D-A83F-935FE51F4FA0}.Debug|Any CPU.Deploy.0 = Debug|Any CPU
		{3A860BAF-941D-4A4D-A83F-935FE51F4FA0}.Debug|ARM.ActiveCfg = Debug|Any CPU
		{3A860BAF-941D-4A4D-A83F-935FE51F4FA0}.Debug|ARM.Build.0 = Debug|Any CPU
		{3A860BAF-941D-4A4D-A83F-935FE51F4FA0}.Debug|ARM.Deploy.0 = Debug|Any CPU
		{3A860BAF-941D-4A4D-A83F-935FE51F4FA0}.Debug|iPhone.ActiveCfg = Debug|Any CPU
		{3A860BAF-941D-4A4D-A83F-935FE51F4FA0}.Debug|iPhone.Build.0 = Debug|Any CPU
		{3A860BAF-941D-4A4D-A83F-935FE51F4FA0}.Debug|iPhone.Deploy.0 = Debug|Any CPU
		{3A860BAF-941D-4A4D-A83F-935FE51F4FA0}.Debug|iPhoneSimulator.ActiveCfg = Debug|Any CPU
		{3A860BAF-941D-4A4D-A83F-935FE51F4FA0}.Debug|iPhoneSimulator.Build.0 = Debug|Any CPU
		{3A860BAF-941D-4A4D-A83F-935FE51F4FA0}.Debug|iPhoneSimulator.Deploy.0 = Debug|Any CPU
		{3A860BAF-941D-4A4D-A83F-935FE51F4FA0}.Debug|x64.ActiveCfg = Debug|Any CPU
		{3A860BAF-941D-4A4D-A83F-935FE51F4FA0}.Debug|x64.Build.0 = Debug|Any CPU
		{3A860BAF-941D-4A4D-A83F-935FE51F4FA0}.Debug|x64.Deploy.0 = Debug|Any CPU
		{3A860BAF-941D-4A4D-A83F-935FE51F4FA0}.Debug|x86.ActiveCfg = Debug|Any CPU
		{3A860BAF-941D-4A4D-A83F-935FE51F4FA0}.Debug|x86.Build.0 = Debug|Any CPU
		{3A860BAF-941D-4A4D-A83F-935FE51F4FA0}.Debug|x86.Deploy.0 = Debug|Any CPU
		{3A860BAF-941D-4A4D-A83F-935FE51F4FA0}.Release|Any CPU.ActiveCfg = Release|Any CPU
		{3A860BAF-941D-4A4D-A83F-935FE51F4FA0}.Release|Any CPU.Build.0 = Release|Any CPU
		{3A860BAF-941D-4A4D-A83F-935FE51F4FA0}.Release|Any CPU.Deploy.0 = Release|Any CPU
		{3A860BAF-941D-4A4D-A83F-935FE51F4FA0}.Release|ARM.ActiveCfg = Release|Any CPU
		{3A860BAF-941D-4A4D-A83F-935FE51F4FA0}.Release|ARM.Build.0 = Release|Any CPU
		{3A860BAF-941D-4A4D-A83F-935FE51F4FA0}.Release|ARM.Deploy.0 = Release|Any CPU
		{3A860BAF-941D-4A4D-A83F-935FE51F4FA0}.Release|iPhone.ActiveCfg = Release|Any CPU
		{3A860BAF-941D-4A4D-A83F-935FE51F4FA0}.Release|iPhone.Build.0 = Release|Any CPU
		{3A860BAF-941D-4A4D-A83F-935FE51F4FA0}.Release|iPhone.Deploy.0 = Release|Any CPU
		{3A860BAF-941D-4A4D-A83F-935FE51F4FA0}.Release|iPhoneSimulator.ActiveCfg = Release|Any CPU
		{3A860BAF-941D-4A4D-A83F-935FE51F4FA0}.Release|iPhoneSimulator.Build.0 = Release|Any CPU
		{3A860BAF-941D-4A4D-A83F-935FE51F4FA0}.Release|iPhoneSimulator.Deploy.0 = Release|Any CPU
		{3A860BAF-941D-4A4D-A83F-935FE51F4FA0}.Release|x64.ActiveCfg = Release|Any CPU
		{3A860BAF-941D-4A4D-A83F-935FE51F4FA0}.Release|x64.Build.0 = Release|Any CPU
		{3A860BAF-941D-4A4D-A83F-935FE51F4FA0}.Release|x64.Deploy.0 = Release|Any CPU
		{3A860BAF-941D-4A4D-A83F-935FE51F4FA0}.Release|x86.ActiveCfg = Release|Any CPU
		{3A860BAF-941D-4A4D-A83F-935FE51F4FA0}.Release|x86.Build.0 = Release|Any CPU
		{3A860BAF-941D-4A4D-A83F-935FE51F4FA0}.Release|x86.Deploy.0 = Release|Any CPU
		{4C508A4D-5B13-4D0C-A3A7-E169E9C9296C}.Debug|Any CPU.ActiveCfg = Debug|iPhoneSimulator
		{4C508A4D-5B13-4D0C-A3A7-E169E9C9296C}.Debug|Any CPU.Build.0 = Debug|iPhoneSimulator
		{4C508A4D-5B13-4D0C-A3A7-E169E9C9296C}.Debug|ARM.ActiveCfg = Debug|iPhoneSimulator
		{4C508A4D-5B13-4D0C-A3A7-E169E9C9296C}.Debug|ARM.Build.0 = Debug|iPhoneSimulator
		{4C508A4D-5B13-4D0C-A3A7-E169E9C9296C}.Debug|iPhone.ActiveCfg = Debug|iPhone
		{4C508A4D-5B13-4D0C-A3A7-E169E9C9296C}.Debug|iPhone.Build.0 = Debug|iPhone
		{4C508A4D-5B13-4D0C-A3A7-E169E9C9296C}.Debug|iPhoneSimulator.ActiveCfg = Debug|iPhoneSimulator
		{4C508A4D-5B13-4D0C-A3A7-E169E9C9296C}.Debug|iPhoneSimulator.Build.0 = Debug|iPhoneSimulator
		{4C508A4D-5B13-4D0C-A3A7-E169E9C9296C}.Debug|x64.ActiveCfg = Debug|iPhoneSimulator
		{4C508A4D-5B13-4D0C-A3A7-E169E9C9296C}.Debug|x64.Build.0 = Debug|iPhoneSimulator
		{4C508A4D-5B13-4D0C-A3A7-E169E9C9296C}.Debug|x86.ActiveCfg = Debug|iPhoneSimulator
		{4C508A4D-5B13-4D0C-A3A7-E169E9C9296C}.Debug|x86.Build.0 = Debug|iPhoneSimulator
		{4C508A4D-5B13-4D0C-A3A7-E169E9C9296C}.Release|Any CPU.ActiveCfg = Release|iPhoneSimulator
		{4C508A4D-5B13-4D0C-A3A7-E169E9C9296C}.Release|Any CPU.Build.0 = Release|iPhoneSimulator
		{4C508A4D-5B13-4D0C-A3A7-E169E9C9296C}.Release|ARM.ActiveCfg = Release|iPhoneSimulator
		{4C508A4D-5B13-4D0C-A3A7-E169E9C9296C}.Release|ARM.Build.0 = Release|iPhoneSimulator
		{4C508A4D-5B13-4D0C-A3A7-E169E9C9296C}.Release|iPhone.ActiveCfg = Release|iPhone
		{4C508A4D-5B13-4D0C-A3A7-E169E9C9296C}.Release|iPhone.Build.0 = Release|iPhone
		{4C508A4D-5B13-4D0C-A3A7-E169E9C9296C}.Release|iPhoneSimulator.ActiveCfg = Release|iPhoneSimulator
		{4C508A4D-5B13-4D0C-A3A7-E169E9C9296C}.Release|iPhoneSimulator.Build.0 = Release|iPhoneSimulator
		{4C508A4D-5B13-4D0C-A3A7-E169E9C9296C}.Release|x64.ActiveCfg = Release|iPhoneSimulator
		{4C508A4D-5B13-4D0C-A3A7-E169E9C9296C}.Release|x64.Build.0 = Release|iPhoneSimulator
		{4C508A4D-5B13-4D0C-A3A7-E169E9C9296C}.Release|x86.ActiveCfg = Release|iPhoneSimulator
		{4C508A4D-5B13-4D0C-A3A7-E169E9C9296C}.Release|x86.Build.0 = Release|iPhoneSimulator
		{00E2E204-0A70-4496-A537-FB0D537CADF9}.Debug|Any CPU.ActiveCfg = Debug|Any CPU
		{00E2E204-0A70-4496-A537-FB0D537CADF9}.Debug|Any CPU.Build.0 = Debug|Any CPU
		{00E2E204-0A70-4496-A537-FB0D537CADF9}.Debug|ARM.ActiveCfg = Debug|Any CPU
		{00E2E204-0A70-4496-A537-FB0D537CADF9}.Debug|ARM.Build.0 = Debug|Any CPU
		{00E2E204-0A70-4496-A537-FB0D537CADF9}.Debug|iPhone.ActiveCfg = Debug|Any CPU
		{00E2E204-0A70-4496-A537-FB0D537CADF9}.Debug|iPhone.Build.0 = Debug|Any CPU
		{00E2E204-0A70-4496-A537-FB0D537CADF9}.Debug|iPhoneSimulator.ActiveCfg = Debug|Any CPU
		{00E2E204-0A70-4496-A537-FB0D537CADF9}.Debug|iPhoneSimulator.Build.0 = Debug|Any CPU
		{00E2E204-0A70-4496-A537-FB0D537CADF9}.Debug|x64.ActiveCfg = Debug|Any CPU
		{00E2E204-0A70-4496-A537-FB0D537CADF9}.Debug|x64.Build.0 = Debug|Any CPU
		{00E2E204-0A70-4496-A537-FB0D537CADF9}.Debug|x86.ActiveCfg = Debug|Any CPU
		{00E2E204-0A70-4496-A537-FB0D537CADF9}.Debug|x86.Build.0 = Debug|Any CPU
		{00E2E204-0A70-4496-A537-FB0D537CADF9}.Release|Any CPU.ActiveCfg = Release|Any CPU
		{00E2E204-0A70-4496-A537-FB0D537CADF9}.Release|Any CPU.Build.0 = Release|Any CPU
		{00E2E204-0A70-4496-A537-FB0D537CADF9}.Release|ARM.ActiveCfg = Release|Any CPU
		{00E2E204-0A70-4496-A537-FB0D537CADF9}.Release|ARM.Build.0 = Release|Any CPU
		{00E2E204-0A70-4496-A537-FB0D537CADF9}.Release|iPhone.ActiveCfg = Release|Any CPU
		{00E2E204-0A70-4496-A537-FB0D537CADF9}.Release|iPhone.Build.0 = Release|Any CPU
		{00E2E204-0A70-4496-A537-FB0D537CADF9}.Release|iPhoneSimulator.ActiveCfg = Release|Any CPU
		{00E2E204-0A70-4496-A537-FB0D537CADF9}.Release|iPhoneSimulator.Build.0 = Release|Any CPU
		{00E2E204-0A70-4496-A537-FB0D537CADF9}.Release|x64.ActiveCfg = Release|Any CPU
		{00E2E204-0A70-4496-A537-FB0D537CADF9}.Release|x64.Build.0 = Release|Any CPU
		{00E2E204-0A70-4496-A537-FB0D537CADF9}.Release|x86.ActiveCfg = Release|Any CPU
		{00E2E204-0A70-4496-A537-FB0D537CADF9}.Release|x86.Build.0 = Release|Any CPU
		{45B5CB7F-724C-48F7-B8D5-4AFD0D2E16AC}.Debug|Any CPU.ActiveCfg = Debug|Any CPU
		{45B5CB7F-724C-48F7-B8D5-4AFD0D2E16AC}.Debug|Any CPU.Build.0 = Debug|Any CPU
		{45B5CB7F-724C-48F7-B8D5-4AFD0D2E16AC}.Debug|ARM.ActiveCfg = Debug|Any CPU
		{45B5CB7F-724C-48F7-B8D5-4AFD0D2E16AC}.Debug|ARM.Build.0 = Debug|Any CPU
		{45B5CB7F-724C-48F7-B8D5-4AFD0D2E16AC}.Debug|iPhone.ActiveCfg = Debug|Any CPU
		{45B5CB7F-724C-48F7-B8D5-4AFD0D2E16AC}.Debug|iPhone.Build.0 = Debug|Any CPU
		{45B5CB7F-724C-48F7-B8D5-4AFD0D2E16AC}.Debug|iPhoneSimulator.ActiveCfg = Debug|Any CPU
		{45B5CB7F-724C-48F7-B8D5-4AFD0D2E16AC}.Debug|iPhoneSimulator.Build.0 = Debug|Any CPU
		{45B5CB7F-724C-48F7-B8D5-4AFD0D2E16AC}.Debug|x64.ActiveCfg = Debug|Any CPU
		{45B5CB7F-724C-48F7-B8D5-4AFD0D2E16AC}.Debug|x64.Build.0 = Debug|Any CPU
		{45B5CB7F-724C-48F7-B8D5-4AFD0D2E16AC}.Debug|x86.ActiveCfg = Debug|Any CPU
		{45B5CB7F-724C-48F7-B8D5-4AFD0D2E16AC}.Debug|x86.Build.0 = Debug|Any CPU
		{45B5CB7F-724C-48F7-B8D5-4AFD0D2E16AC}.Release|Any CPU.ActiveCfg = Release|Any CPU
		{45B5CB7F-724C-48F7-B8D5-4AFD0D2E16AC}.Release|Any CPU.Build.0 = Release|Any CPU
		{45B5CB7F-724C-48F7-B8D5-4AFD0D2E16AC}.Release|ARM.ActiveCfg = Release|Any CPU
		{45B5CB7F-724C-48F7-B8D5-4AFD0D2E16AC}.Release|ARM.Build.0 = Release|Any CPU
		{45B5CB7F-724C-48F7-B8D5-4AFD0D2E16AC}.Release|iPhone.ActiveCfg = Release|Any CPU
		{45B5CB7F-724C-48F7-B8D5-4AFD0D2E16AC}.Release|iPhone.Build.0 = Release|Any CPU
		{45B5CB7F-724C-48F7-B8D5-4AFD0D2E16AC}.Release|iPhoneSimulator.ActiveCfg = Release|Any CPU
		{45B5CB7F-724C-48F7-B8D5-4AFD0D2E16AC}.Release|iPhoneSimulator.Build.0 = Release|Any CPU
		{45B5CB7F-724C-48F7-B8D5-4AFD0D2E16AC}.Release|x64.ActiveCfg = Release|Any CPU
		{45B5CB7F-724C-48F7-B8D5-4AFD0D2E16AC}.Release|x64.Build.0 = Release|Any CPU
		{45B5CB7F-724C-48F7-B8D5-4AFD0D2E16AC}.Release|x86.ActiveCfg = Release|Any CPU
		{45B5CB7F-724C-48F7-B8D5-4AFD0D2E16AC}.Release|x86.Build.0 = Release|Any CPU
	EndGlobalSection
	GlobalSection(SolutionProperties) = preSolution
		HideSolutionNode = FALSE
	EndGlobalSection
	GlobalSection(ExtensibilityGlobals) = postSolution
		SolutionGuid = {68A47D83-947A-41A4-850E-E6E0BF71CF2D}
	EndGlobalSection
EndGlobal
